
Microsoft Visual Studio Solution File, Format Version 12.00
# Visual Studio Version 17
VisualStudioVersion = 17.4.33205.214
MinimumVisualStudioVersion = 10.0.40219.1
Project("{FAE04EC0-301F-11D3-BF4B-00C04F79EFBC}") = "CSC2037_SportsPro_Ch15", "CSC2037_SportsPro_Ch15\CSC2037_SportsPro_Ch15.csproj", "{B35BDE59-4367-49E1-87B2-A8CCD2F7992C}"
EndProject
Global
	GlobalSection(SolutionConfigurationPlatforms) = preSolution
		Debug|Any CPU = Debug|Any CPU
		Release|Any CPU = Release|Any CPU
	EndGlobalSection
	GlobalSection(ProjectConfigurationPlatforms) = postSolution
		{B35BDE59-4367-49E1-87B2-A8CCD2F7992C}.Debug|Any CPU.ActiveCfg = Debug|Any CPU
		{B35BDE59-4367-49E1-87B2-A8CCD2F7992C}.Debug|Any CPU.Build.0 = Debug|Any CPU
		{B35BDE59-4367-49E1-87B2-A8CCD2F7992C}.Release|Any CPU.ActiveCfg = Release|Any CPU
		{B35BDE59-4367-49E1-87B2-A8CCD2F7992C}.Release|Any CPU.Build.0 = Release|Any CPU
	EndGlobalSection
	GlobalSection(SolutionProperties) = preSolution
		HideSolutionNode = FALSE
	EndGlobalSection
	GlobalSection(ExtensibilityGlobals) = postSolution
		SolutionGuid = {BA51E9B2-D509-4C1D-AC7C-5611F392BBB0}
	EndGlobalSection
EndGlobal
